// !$*UTF8*$!
{
	archiveVersion = 1;
	classes = {
	};
	objectVersion = 50;
	objects = {

/* Begin PBXBuildFile section */
		7C5872152233D86300C47691 /* ItemCell.swift in Sources */ = {isa = PBXBuildFile; fileRef = 7C5872142233D86300C47691 /* ItemCell.swift */; };
		7C62A19922341B01004495AA /* DetailViewController.swift in Sources */ = {isa = PBXBuildFile; fileRef = 7C62A19822341B01004495AA /* DetailViewController.swift */; };
		7C6E4CB6229BD8D600602FA4 /* DatePickerViewController.swift in Sources */ = {isa = PBXBuildFile; fileRef = 7C6E4CB5229BD8D600602FA4 /* DatePickerViewController.swift */; };
		7C7C742A2232E0440037D71D /* AppDelegate.swift in Sources */ = {isa = PBXBuildFile; fileRef = 7C7C74292232E0440037D71D /* AppDelegate.swift */; };
		7C7C742C2232E0440037D71D /* ItemsViewController.swift in Sources */ = {isa = PBXBuildFile; fileRef = 7C7C742B2232E0440037D71D /* ItemsViewController.swift */; };
		7C7C742F2232E0440037D71D /* Main.storyboard in Resources */ = {isa = PBXBuildFile; fileRef = 7C7C742D2232E0440037D71D /* Main.storyboard */; };
		7C7C74312232E0450037D71D /* Assets.xcassets in Resources */ = {isa = PBXBuildFile; fileRef = 7C7C74302232E0450037D71D /* Assets.xcassets */; };
		7C7C74342232E0450037D71D /* LaunchScreen.storyboard in Resources */ = {isa = PBXBuildFile; fileRef = 7C7C74322232E0450037D71D /* LaunchScreen.storyboard */; };
		7C7C743C2232E4FE0037D71D /* Item.swift in Sources */ = {isa = PBXBuildFile; fileRef = 7C7C743B2232E4FE0037D71D /* Item.swift */; };
		7C7C743E2232EB180037D71D /* ItemStoreViewModel.swift in Sources */ = {isa = PBXBuildFile; fileRef = 7C7C743D2232EB180037D71D /* ItemStoreViewModel.swift */; };
		7CAB359D22429A68002446EF /* ItemField.swift in Sources */ = {isa = PBXBuildFile; fileRef = 7CAB359C22429A68002446EF /* ItemField.swift */; };
/* End PBXBuildFile section */

/* Begin PBXFileReference section */
		7C5872142233D86300C47691 /* ItemCell.swift */ = {isa = PBXFileReference; lastKnownFileType = sourcecode.swift; path = ItemCell.swift; sourceTree = "<group>"; };
		7C62A19822341B01004495AA /* DetailViewController.swift */ = {isa = PBXFileReference; lastKnownFileType = sourcecode.swift; path = DetailViewController.swift; sourceTree = "<group>"; };
		7C6E4CB5229BD8D600602FA4 /* DatePickerViewController.swift */ = {isa = PBXFileReference; lastKnownFileType = sourcecode.swift; path = DatePickerViewController.swift; sourceTree = "<group>"; };
		7C7C74262232E0440037D71D /* HomePwner.app */ = {isa = PBXFileReference; explicitFileType = wrapper.application; includeInIndex = 0; path = HomePwner.app; sourceTree = BUILT_PRODUCTS_DIR; };
		7C7C74292232E0440037D71D /* AppDelegate.swift */ = {isa = PBXFileReference; lastKnownFileType = sourcecode.swift; path = AppDelegate.swift; sourceTree = "<group>"; };
		7C7C742B2232E0440037D71D /* ItemsViewController.swift */ = {isa = PBXFileReference; lastKnownFileType = sourcecode.swift; path = ItemsViewController.swift; sourceTree = "<group>"; };
		7C7C742E2232E0440037D71D /* Base */ = {isa = PBXFileReference; lastKnownFileType = file.storyboard; name = Base; path = Base.lproj/Main.storyboard; sourceTree = "<group>"; };
		7C7C74302232E0450037D71D /* Assets.xcassets */ = {isa = PBXFileReference; lastKnownFileType = folder.assetcatalog; path = Assets.xcassets; sourceTree = "<group>"; };
		7C7C74332232E0450037D71D /* Base */ = {isa = PBXFileReference; lastKnownFileType = file.storyboard; name = Base; path = Base.lproj/LaunchScreen.storyboard; sourceTree = "<group>"; };
		7C7C74352232E0450037D71D /* Info.plist */ = {isa = PBXFileReference; lastKnownFileType = text.plist.xml; path = Info.plist; sourceTree = "<group>"; };
		7C7C743B2232E4FE0037D71D /* Item.swift */ = {isa = PBXFileReference; lastKnownFileType = sourcecode.swift; path = Item.swift; sourceTree = "<group>"; };
		7C7C743D2232EB180037D71D /* ItemStoreViewModel.swift */ = {isa = PBXFileReference; lastKnownFileType = sourcecode.swift; path = ItemStoreViewModel.swift; sourceTree = "<group>"; };
		7CAB359C22429A68002446EF /* ItemField.swift */ = {isa = PBXFileReference; lastKnownFileType = sourcecode.swift; path = ItemField.swift; sourceTree = "<group>"; };
/* End PBXFileReference section */

/* Begin PBXFrameworksBuildPhase section */
		7C7C74232232E0440037D71D /* Frameworks */ = {
			isa = PBXFrameworksBuildPhase;
			buildActionMask = 2147483647;
			files = (
			);
			runOnlyForDeploymentPostprocessing = 0;
		};
/* End PBXFrameworksBuildPhase section */

/* Begin PBXGroup section */
		7C5872122233D65500C47691 /* ViewModels */ = {
			isa = PBXGroup;
			children = (
				7C7C743D2232EB180037D71D /* ItemStoreViewModel.swift */,
				7C5872142233D86300C47691 /* ItemCell.swift */,
				7CAB359C22429A68002446EF /* ItemField.swift */,
			);
			path = ViewModels;
			sourceTree = "<group>";
		};
		7C5872132233D66800C47691 /* ViewControllers */ = {
			isa = PBXGroup;
			children = (
				7C7C742B2232E0440037D71D /* ItemsViewController.swift */,
				7C62A19822341B01004495AA /* DetailViewController.swift */,
				7C6E4CB5229BD8D600602FA4 /* DatePickerViewController.swift */,
			);
			path = ViewControllers;
			sourceTree = "<group>";
		};
		7C7C741D2232E0440037D71D = {
			isa = PBXGroup;
			children = (
				7C7C74282232E0440037D71D /* HomePwner */,
				7C7C74272232E0440037D71D /* Products */,
			);
			sourceTree = "<group>";
		};
		7C7C74272232E0440037D71D /* Products */ = {
			isa = PBXGroup;
			children = (
				7C7C74262232E0440037D71D /* HomePwner.app */,
			);
			name = Products;
			sourceTree = "<group>";
		};
		7C7C74282232E0440037D71D /* HomePwner */ = {
			isa = PBXGroup;
			children = (
				7C5872132233D66800C47691 /* ViewControllers */,
				7C5872122233D65500C47691 /* ViewModels */,
				7C7C74292232E0440037D71D /* AppDelegate.swift */,
				7C7C742D2232E0440037D71D /* Main.storyboard */,
				7C7C74302232E0450037D71D /* Assets.xcassets */,
				7C7C74322232E0450037D71D /* LaunchScreen.storyboard */,
				7C7C74352232E0450037D71D /* Info.plist */,
				7C7C743B2232E4FE0037D71D /* Item.swift */,
			);
			path = HomePwner;
			sourceTree = "<group>";
		};
/* End PBXGroup section */

/* Begin PBXNativeTarget section */
		7C7C74252232E0440037D71D /* HomePwner */ = {
			isa = PBXNativeTarget;
			buildConfigurationList = 7C7C74382232E0450037D71D /* Build configuration list for PBXNativeTarget "HomePwner" */;
			buildPhases = (
				7C7C74222232E0440037D71D /* Sources */,
				7C7C74232232E0440037D71D /* Frameworks */,
				7C7C74242232E0440037D71D /* Resources */,
			);
			buildRules = (
			);
			dependencies = (
			);
			name = HomePwner;
			productName = HomePwner;
			productReference = 7C7C74262232E0440037D71D /* HomePwner.app */;
			productType = "com.apple.product-type.application";
		};
/* End PBXNativeTarget section */

/* Begin PBXProject section */
		7C7C741E2232E0440037D71D /* Project object */ = {
			isa = PBXProject;
			attributes = {
				LastSwiftUpdateCheck = 1010;
				LastUpgradeCheck = 1010;
				ORGANIZATIONNAME = "Nazmul Islam";
				TargetAttributes = {
					7C7C74252232E0440037D71D = {
						CreatedOnToolsVersion = 10.1;
						LastSwiftMigration = 1020;
					};
				};
			};
			buildConfigurationList = 7C7C74212232E0440037D71D /* Build configuration list for PBXProject "HomePwner" */;
			compatibilityVersion = "Xcode 9.3";
			developmentRegion = en;
			hasScannedForEncodings = 0;
			knownRegions = (
				en,
				Base,
			);
			mainGroup = 7C7C741D2232E0440037D71D;
			productRefGroup = 7C7C74272232E0440037D71D /* Products */;
			projectDirPath = "";
			projectRoot = "";
			targets = (
				7C7C74252232E0440037D71D /* HomePwner */,
			);
		};
/* End PBXProject section */

/* Begin PBXResourcesBuildPhase section */
		7C7C74242232E0440037D71D /* Resources */ = {
			isa = PBXResourcesBuildPhase;
			buildActionMask = 2147483647;
			files = (
				7C7C74342232E0450037D71D /* LaunchScreen.storyboard in Resources */,
				7C7C74312232E0450037D71D /* Assets.xcassets in Resources */,
				7C7C742F2232E0440037D71D /* Main.storyboard in Resources */,
			);
			runOnlyForDeploymentPostprocessing = 0;
		};
/* End PBXResourcesBuildPhase section */

/* Begin PBXSourcesBuildPhase section */
		7C7C74222232E0440037D71D /* Sources */ = {
			isa = PBXSourcesBuildPhase;
			buildActionMask = 2147483647;
			files = (
				7C7C742C2232E0440037D71D /* ItemsViewController.swift in Sources */,
				7C7C743C2232E4FE0037D71D /* Item.swift in Sources */,
				7C7C743E2232EB180037D71D /* ItemStoreViewModel.swift in Sources */,
				7C62A19922341B01004495AA /* DetailViewController.swift in Sources */,
				7C6E4CB6229BD8D600602FA4 /* DatePickerViewController.swift in Sources */,
				7C7C742A2232E0440037D71D /* AppDelegate.swift in Sources */,
				7CAB359D22429A68002446EF /* ItemField.swift in Sources */,
				7C5872152233D86300C47691 /* ItemCell.swift in Sources */,
			);
			runOnlyForDeploymentPostprocessing = 0;
		};
/* End PBXSourcesBuildPhase section */

/* Begin PBXVariantGroup section */
		7C7C742D2232E0440037D71D /* Main.storyboard */ = {
			isa = PBXVariantGroup;
			children = (
				7C7C742E2232E0440037D71D /* Base */,
			);
			name = Main.storyboard;
			sourceTree = "<group>";
		};
		7C7C74322232E0450037D71D /* LaunchScreen.storyboard */ = {
			isa = PBXVariantGroup;
			children = (
				7C7C74332232E0450037D71D /* Base */,
			);
			name = LaunchScreen.storyboard;
			sourceTree = "<group>";
		};
/* End PBXVariantGroup section */

/* Begin XCBuildConfiguration section */
		7C7C74362232E0450037D71D /* Debug */ = {
			isa = XCBuildConfiguration;
			buildSettings = {
				ALWAYS_SEARCH_USER_PATHS = NO;
				CLANG_ANALYZER_NONNULL = YES;
				CLANG_ANALYZER_NUMBER_OBJECT_CONVERSION = YES_AGGRESSIVE;
				CLANG_CXX_LANGUAGE_STANDARD = "gnu++14";
				CLANG_CXX_LIBRARY = "libc++";
				CLANG_ENABLE_MODULES = YES;
				CLANG_ENABLE_OBJC_ARC = YES;
				CLANG_ENABLE_OBJC_WEAK = YES;
				CLANG_WARN_BLOCK_CAPTURE_AUTORELEASING = YES;
				CLANG_WARN_BOOL_CONVERSION = YES;
				CLANG_WARN_COMMA = YES;
				CLANG_WARN_CONSTANT_CONVERSION = YES;
				CLANG_WARN_DEPRECATED_OBJC_IMPLEMENTATIONS = YES;
				CLANG_WARN_DIRECT_OBJC_ISA_USAGE = YES_ERROR;
				CLANG_WARN_DOCUMENTATION_COMMENTS = YES;
				CLANG_WARN_EMPTY_BODY = YES;
				CLANG_WARN_ENUM_CONVERSION = YES;
				CLANG_WARN_INFINITE_RECURSION = YES;
				CLANG_WARN_INT_CONVERSION = YES;
				CLANG_WARN_NON_LITERAL_NULL_CONVERSION = YES;
				CLANG_WARN_OBJC_IMPLICIT_RETAIN_SELF = YES;
				CLANG_WARN_OBJC_LITERAL_CONVERSION = YES;
				CLANG_WARN_OBJC_ROOT_CLASS = YES_ERROR;
				CLANG_WARN_RANGE_LOOP_ANALYSIS = YES;
				CLANG_WARN_STRICT_PROTOTYPES = YES;
				CLANG_WARN_SUSPICIOUS_MOVE = YES;
				CLANG_WARN_UNGUARDED_AVAILABILITY = YES_AGGRESSIVE;
				CLANG_WARN_UNREACHABLE_CODE = YES;
				CLANG_WARN__DUPLICATE_METHOD_MATCH = YES;
				CODE_SIGN_IDENTITY = "iPhone Developer";
				COPY_PHASE_STRIP = NO;
				DEBUG_INFORMATION_FORMAT = dwarf;
				ENABLE_STRICT_OBJC_MSGSEND = YES;
				ENABLE_TESTABILITY = YES;
				GCC_C_LANGUAGE_STANDARD = gnu11;
				GCC_DYNAMIC_NO_PIC = NO;
				GCC_NO_COMMON_BLOCKS = YES;
				GCC_OPTIMIZATION_LEVEL = 0;
				GCC_PREPROCESSOR_DEFINITIONS = (
					"DEBUG=1",
					"$(inherited)",
				);
				GCC_WARN_64_TO_32_BIT_CONVERSION = YES;
				GCC_WARN_ABOUT_RETURN_TYPE = YES_ERROR;
				GCC_WARN_UNDECLARED_SELECTOR = YES;
				GCC_WARN_UNINITIALIZED_AUTOS = YES_AGGRESSIVE;
				GCC_WARN_UNUSED_FUNCTION = YES;
				GCC_WARN_UNUSED_VARIABLE = YES;
				IPHONEOS_DEPLOYMENT_TARGET = 12.1;
				MTL_ENABLE_DEBUG_INFO = INCLUDE_SOURCE;
				MTL_FAST_MATH = YES;
				ONLY_ACTIVE_ARCH = YES;
				SDKROOT = iphoneos;
				SWIFT_ACTIVE_COMPILATION_CONDITIONS = DEBUG;
				SWIFT_OPTIMIZATION_LEVEL = "-Onone";
			};
			name = Debug;
		};
		7C7C74372232E0450037D71D /* Release */ = {
			isa = XCBuildConfiguration;
			buildSettings = {
				ALWAYS_SEARCH_USER_PATHS = NO;
				CLANG_ANALYZER_NONNULL = YES;
				CLANG_ANALYZER_NUMBER_OBJECT_CONVERSION = YES_AGGRESSIVE;
				CLANG_CXX_LANGUAGE_STANDARD = "gnu++14";
				CLANG_CXX_LIBRARY = "libc++";
				CLANG_ENABLE_MODULES = YES;
				CLANG_ENABLE_OBJC_ARC = YES;
				CLANG_ENABLE_OBJC_WEAK = YES;
				CLANG_WARN_BLOCK_CAPTURE_AUTORELEASING = YES;
				CLANG_WARN_BOOL_CONVERSION = YES;
				CLANG_WARN_COMMA = YES;
				CLANG_WARN_CONSTANT_CONVERSION = YES;
				CLANG_WARN_DEPRECATED_OBJC_IMPLEMENTATIONS = YES;
				CLANG_WARN_DIRECT_OBJC_ISA_USAGE = YES_ERROR;
				CLANG_WARN_DOCUMENTATION_COMMENTS = YES;
				CLANG_WARN_EMPTY_BODY = YES;
				CLANG_WARN_ENUM_CONVERSION = YES;
				CLANG_WARN_INFINITE_RECURSION = YES;
				CLANG_WARN_INT_CONVERSION = YES;
				CLANG_WARN_NON_LITERAL_NULL_CONVERSION = YES;
				CLANG_WARN_OBJC_IMPLICIT_RETAIN_SELF = YES;
				CLANG_WARN_OBJC_LITERAL_CONVERSION = YES;
				CLANG_WARN_OBJC_ROOT_CLASS = YES_ERROR;
				CLANG_WARN_RANGE_LOOP_ANALYSIS = YES;
				CLANG_WARN_STRICT_PROTOTYPES = YES;
				CLANG_WARN_SUSPICIOUS_MOVE = YES;
				CLANG_WARN_UNGUARDED_AVAILABILITY = YES_AGGRESSIVE;
				CLANG_WARN_UNREACHABLE_CODE = YES;
				CLANG_WARN__DUPLICATE_METHOD_MATCH = YES;
				CODE_SIGN_IDENTITY = "iPhone Developer";
				COPY_PHASE_STRIP = NO;
				DEBUG_INFORMATION_FORMAT = "dwarf-with-dsym";
				ENABLE_NS_ASSERTIONS = NO;
				ENABLE_STRICT_OBJC_MSGSEND = YES;
				GCC_C_LANGUAGE_STANDARD = gnu11;
				GCC_NO_COMMON_BLOCKS = YES;
				GCC_WARN_64_TO_32_BIT_CONVERSION = YES;
				GCC_WARN_ABOUT_RETURN_TYPE = YES_ERROR;
				GCC_WARN_UNDECLARED_SELECTOR = YES;
				GCC_WARN_UNINITIALIZED_AUTOS = YES_AGGRESSIVE;
				GCC_WARN_UNUSED_FUNCTION = YES;
				GCC_WARN_UNUSED_VARIABLE = YES;
				IPHONEOS_DEPLOYMENT_TARGET = 12.1;
				MTL_ENABLE_DEBUG_INFO = NO;
				MTL_FAST_MATH = YES;
				SDKROOT = iphoneos;
				SWIFT_COMPILATION_MODE = wholemodule;
				SWIFT_OPTIMIZATION_LEVEL = "-O";
				VALIDATE_PRODUCT = YES;
			};
			name = Release;
		};
		7C7C74392232E0450037D71D /* Debug */ = {
			isa = XCBuildConfiguration;
			buildSettings = {
				ASSETCATALOG_COMPILER_APPICON_NAME = AppIcon;
				CODE_SIGN_STYLE = Automatic;
				DEVELOPMENT_TEAM = 5F3NR8DAZL;
				INFOPLIST_FILE = HomePwner/Info.plist;
				LD_RUNPATH_SEARCH_PATHS = (
					"$(inherited)",
					"@executable_path/Frameworks",
				);
				PRODUCT_BUNDLE_IDENTIFIER = com.nazmul.islam.HomePwner;
				PRODUCT_NAME = "$(TARGET_NAME)";
				SWIFT_VERSION = 5.0;
				TARGETED_DEVICE_FAMILY = "1,2";
			};
			name = Debug;
		};
		7C7C743A2232E0450037D71D /* Release */ = {
			isa = XCBuildConfiguration;
			buildSettings = {
				ASSETCATALOG_COMPILER_APPICON_NAME = AppIcon;
				CODE_SIGN_STYLE = Automatic;
				DEVELOPMENT_TEAM = 5F3NR8DAZL;
				INFOPLIST_FILE = HomePwner/Info.plist;
				LD_RUNPATH_SEARCH_PATHS = (
					"$(inherited)",
					"@executable_path/Frameworks",
				);
				PRODUCT_BUNDLE_IDENTIFIER = com.nazmul.islam.HomePwner;
				PRODUCT_NAME = "$(TARGET_NAME)";
				SWIFT_VERSION = 5.0;
				TARGETED_DEVICE_FAMILY = "1,2";
			};
			name = Release;
		};
/* End XCBuildConfiguration section */

/* Begin XCConfigurationList section */
		7C7C74212232E0440037D71D /* Build configuration list for PBXProject "HomePwner" */ = {
			isa = XCConfigurationList;
			buildConfigurations = (
				7C7C74362232E0450037D71D /* Debug */,
				7C7C74372232E0450037D71D /* Release */,
			);
			defaultConfigurationIsVisible = 0;
			defaultConfigurationName = Release;
		};
		7C7C74382232E0450037D71D /* Build configuration list for PBXNativeTarget "HomePwner" */ = {
			isa = XCConfigurationList;
			buildConfigurations = (
				7C7C74392232E0450037D71D /* Debug */,
				7C7C743A2232E0450037D71D /* Release */,
			);
			defaultConfigurationIsVisible = 0;
			defaultConfigurationName = Release;
		};
/* End XCConfigurationList section */
	};
	rootObject = 7C7C741E2232E0440037D71D /* Project object */;
}
